// !$*UTF8*$!
{
	archiveVersion = 1;
	classes = {
	};
	objectVersion = 48;
	objects = {

/* Begin PBXBuildFile section */
		7F9295661FAD48C6005CC41D /* AppDelegate.swift in Sources */ = {isa = PBXBuildFile; fileRef = 7F9295651FAD48C6005CC41D /* AppDelegate.swift */; };
		7F9295681FAD48C6005CC41D /* ViewController.swift in Sources */ = {isa = PBXBuildFile; fileRef = 7F9295671FAD48C6005CC41D /* ViewController.swift */; };
		7F92956B1FAD48C6005CC41D /* Main.storyboard in Resources */ = {isa = PBXBuildFile; fileRef = 7F9295691FAD48C6005CC41D /* Main.storyboard */; };
		7F92956D1FAD48C6005CC41D /* Assets.xcassets in Resources */ = {isa = PBXBuildFile; fileRef = 7F92956C1FAD48C6005CC41D /* Assets.xcassets */; };
		7F9295701FAD48C6005CC41D /* LaunchScreen.storyboard in Resources */ = {isa = PBXBuildFile; fileRef = 7F92956E1FAD48C6005CC41D /* LaunchScreen.storyboard */; };
		7F9295751FAD48C6005CC41D /* CalPlus WatchKit App.app in Embed Watch Content */ = {isa = PBXBuildFile; fileRef = 7F9295741FAD48C6005CC41D /* CalPlus WatchKit App.app */; };
		7F92957B1FAD48C6005CC41D /* Interface.storyboard in Resources */ = {isa = PBXBuildFile; fileRef = 7F9295791FAD48C6005CC41D /* Interface.storyboard */; };
		7F92957D1FAD48C6005CC41D /* Assets.xcassets in Resources */ = {isa = PBXBuildFile; fileRef = 7F92957C1FAD48C6005CC41D /* Assets.xcassets */; };
		7F9295841FAD48C6005CC41D /* CalPlus WatchKit Extension.appex in Embed App Extensions */ = {isa = PBXBuildFile; fileRef = 7F9295831FAD48C6005CC41D /* CalPlus WatchKit Extension.appex */; settings = {ATTRIBUTES = (RemoveHeadersOnCopy, ); }; };
		7F9295891FAD48C6005CC41D /* InterfaceController.swift in Sources */ = {isa = PBXBuildFile; fileRef = 7F9295881FAD48C6005CC41D /* InterfaceController.swift */; };
		7F92958B1FAD48C6005CC41D /* ExtensionDelegate.swift in Sources */ = {isa = PBXBuildFile; fileRef = 7F92958A1FAD48C6005CC41D /* ExtensionDelegate.swift */; };
		7F92958D1FAD48C6005CC41D /* ComplicationController.swift in Sources */ = {isa = PBXBuildFile; fileRef = 7F92958C1FAD48C6005CC41D /* ComplicationController.swift */; };
		7F92958F1FAD48C6005CC41D /* Assets.xcassets in Resources */ = {isa = PBXBuildFile; fileRef = 7F92958E1FAD48C6005CC41D /* Assets.xcassets */; };
		7F9295A31FAD4979005CC41D /* joystix monospace.ttf in Resources */ = {isa = PBXBuildFile; fileRef = 7F9295A21FAD4979005CC41D /* joystix monospace.ttf */; };
		7F9295A41FAD4979005CC41D /* joystix monospace.ttf in Resources */ = {isa = PBXBuildFile; fileRef = 7F9295A21FAD4979005CC41D /* joystix monospace.ttf */; };
		7F9295A51FAD4979005CC41D /* joystix monospace.ttf in Resources */ = {isa = PBXBuildFile; fileRef = 7F9295A21FAD4979005CC41D /* joystix monospace.ttf */; };
		7F9295A91FAD4988005CC41D /* calendar-44.png in Resources */ = {isa = PBXBuildFile; fileRef = 7F9295A61FAD4988005CC41D /* calendar-44.png */; };
		7F9295AA1FAD4988005CC41D /* calendar-44.png in Resources */ = {isa = PBXBuildFile; fileRef = 7F9295A61FAD4988005CC41D /* calendar-44.png */; };
		7F9295AB1FAD4988005CC41D /* calendar-44.png in Resources */ = {isa = PBXBuildFile; fileRef = 7F9295A61FAD4988005CC41D /* calendar-44.png */; };
		7F9295AC1FAD4988005CC41D /* calendar-36.png in Resources */ = {isa = PBXBuildFile; fileRef = 7F9295A71FAD4988005CC41D /* calendar-36.png */; };
		7F9295AD1FAD4988005CC41D /* calendar-36.png in Resources */ = {isa = PBXBuildFile; fileRef = 7F9295A71FAD4988005CC41D /* calendar-36.png */; };
		7F9295AE1FAD4988005CC41D /* calendar-36.png in Resources */ = {isa = PBXBuildFile; fileRef = 7F9295A71FAD4988005CC41D /* calendar-36.png */; };
		7F9295AF1FAD4988005CC41D /* calendar-58.png in Resources */ = {isa = PBXBuildFile; fileRef = 7F9295A81FAD4988005CC41D /* calendar-58.png */; };
		7F9295B01FAD4988005CC41D /* calendar-58.png in Resources */ = {isa = PBXBuildFile; fileRef = 7F9295A81FAD4988005CC41D /* calendar-58.png */; };
		7F9295B11FAD4988005CC41D /* calendar-58.png in Resources */ = {isa = PBXBuildFile; fileRef = 7F9295A81FAD4988005CC41D /* calendar-58.png */; };
/* End PBXBuildFile section */

/* Begin PBXContainerItemProxy section */
		7F9295761FAD48C6005CC41D /* PBXContainerItemProxy */ = {
			isa = PBXContainerItemProxy;
			containerPortal = 7F92955A1FAD48C6005CC41D /* Project object */;
			proxyType = 1;
			remoteGlobalIDString = 7F9295731FAD48C6005CC41D;
			remoteInfo = "CalPlus WatchKit App";
		};
		7F9295851FAD48C6005CC41D /* PBXContainerItemProxy */ = {
			isa = PBXContainerItemProxy;
			containerPortal = 7F92955A1FAD48C6005CC41D /* Project object */;
			proxyType = 1;
			remoteGlobalIDString = 7F9295821FAD48C6005CC41D;
			remoteInfo = "CalPlus WatchKit Extension";
		};
/* End PBXContainerItemProxy section */

/* Begin PBXCopyFilesBuildPhase section */
		7F9295961FAD48C6005CC41D /* Embed App Extensions */ = {
			isa = PBXCopyFilesBuildPhase;
			buildActionMask = 2147483647;
			dstPath = "";
			dstSubfolderSpec = 13;
			files = (
				7F9295841FAD48C6005CC41D /* CalPlus WatchKit Extension.appex in Embed App Extensions */,
			);
			name = "Embed App Extensions";
			runOnlyForDeploymentPostprocessing = 0;
		};
		7F92959A1FAD48C6005CC41D /* Embed Watch Content */ = {
			isa = PBXCopyFilesBuildPhase;
			buildActionMask = 2147483647;
			dstPath = "$(CONTENTS_FOLDER_PATH)/Watch";
			dstSubfolderSpec = 16;
			files = (
				7F9295751FAD48C6005CC41D /* CalPlus WatchKit App.app in Embed Watch Content */,
			);
			name = "Embed Watch Content";
			runOnlyForDeploymentPostprocessing = 0;
		};
/* End PBXCopyFilesBuildPhase section */

/* Begin PBXFileReference section */
		7F9295621FAD48C6005CC41D /* CalPlus.app */ = {isa = PBXFileReference; explicitFileType = wrapper.application; includeInIndex = 0; path = CalPlus.app; sourceTree = BUILT_PRODUCTS_DIR; };
		7F9295651FAD48C6005CC41D /* AppDelegate.swift */ = {isa = PBXFileReference; lastKnownFileType = sourcecode.swift; path = AppDelegate.swift; sourceTree = "<group>"; };
		7F9295671FAD48C6005CC41D /* ViewController.swift */ = {isa = PBXFileReference; lastKnownFileType = sourcecode.swift; path = ViewController.swift; sourceTree = "<group>"; };
		7F92956A1FAD48C6005CC41D /* Base */ = {isa = PBXFileReference; lastKnownFileType = file.storyboard; name = Base; path = Base.lproj/Main.storyboard; sourceTree = "<group>"; };
		7F92956C1FAD48C6005CC41D /* Assets.xcassets */ = {isa = PBXFileReference; lastKnownFileType = folder.assetcatalog; path = Assets.xcassets; sourceTree = "<group>"; };
		7F92956F1FAD48C6005CC41D /* Base */ = {isa = PBXFileReference; lastKnownFileType = file.storyboard; name = Base; path = Base.lproj/LaunchScreen.storyboard; sourceTree = "<group>"; };
		7F9295711FAD48C6005CC41D /* Info.plist */ = {isa = PBXFileReference; lastKnownFileType = text.plist.xml; path = Info.plist; sourceTree = "<group>"; };
		7F9295741FAD48C6005CC41D /* CalPlus WatchKit App.app */ = {isa = PBXFileReference; explicitFileType = wrapper.application; includeInIndex = 0; path = "CalPlus WatchKit App.app"; sourceTree = BUILT_PRODUCTS_DIR; };
		7F92957A1FAD48C6005CC41D /* Base */ = {isa = PBXFileReference; lastKnownFileType = file.storyboard; name = Base; path = Base.lproj/Interface.storyboard; sourceTree = "<group>"; };
		7F92957C1FAD48C6005CC41D /* Assets.xcassets */ = {isa = PBXFileReference; lastKnownFileType = folder.assetcatalog; path = Assets.xcassets; sourceTree = "<group>"; };
		7F92957E1FAD48C6005CC41D /* Info.plist */ = {isa = PBXFileReference; lastKnownFileType = text.plist.xml; path = Info.plist; sourceTree = "<group>"; };
		7F9295831FAD48C6005CC41D /* CalPlus WatchKit Extension.appex */ = {isa = PBXFileReference; explicitFileType = "wrapper.app-extension"; includeInIndex = 0; path = "CalPlus WatchKit Extension.appex"; sourceTree = BUILT_PRODUCTS_DIR; };
		7F9295881FAD48C6005CC41D /* InterfaceController.swift */ = {isa = PBXFileReference; lastKnownFileType = sourcecode.swift; path = InterfaceController.swift; sourceTree = "<group>"; };
		7F92958A1FAD48C6005CC41D /* ExtensionDelegate.swift */ = {isa = PBXFileReference; lastKnownFileType = sourcecode.swift; path = ExtensionDelegate.swift; sourceTree = "<group>"; };
		7F92958C1FAD48C6005CC41D /* ComplicationController.swift */ = {isa = PBXFileReference; lastKnownFileType = sourcecode.swift; path = ComplicationController.swift; sourceTree = "<group>"; };
		7F92958E1FAD48C6005CC41D /* Assets.xcassets */ = {isa = PBXFileReference; lastKnownFileType = folder.assetcatalog; path = Assets.xcassets; sourceTree = "<group>"; };
		7F9295901FAD48C6005CC41D /* Info.plist */ = {isa = PBXFileReference; lastKnownFileType = text.plist.xml; path = Info.plist; sourceTree = "<group>"; };
		7F9295A21FAD4979005CC41D /* joystix monospace.ttf */ = {isa = PBXFileReference; lastKnownFileType = file; path = "joystix monospace.ttf"; sourceTree = "<group>"; };
		7F9295A61FAD4988005CC41D /* calendar-44.png */ = {isa = PBXFileReference; lastKnownFileType = image.png; path = "calendar-44.png"; sourceTree = "<group>"; };
		7F9295A71FAD4988005CC41D /* calendar-36.png */ = {isa = PBXFileReference; lastKnownFileType = image.png; path = "calendar-36.png"; sourceTree = "<group>"; };
		7F9295A81FAD4988005CC41D /* calendar-58.png */ = {isa = PBXFileReference; lastKnownFileType = image.png; path = "calendar-58.png"; sourceTree = "<group>"; };
/* End PBXFileReference section */

/* Begin PBXFrameworksBuildPhase section */
		7F92955F1FAD48C6005CC41D /* Frameworks */ = {
			isa = PBXFrameworksBuildPhase;
			buildActionMask = 2147483647;
			files = (
			);
			runOnlyForDeploymentPostprocessing = 0;
		};
		7F9295801FAD48C6005CC41D /* Frameworks */ = {
			isa = PBXFrameworksBuildPhase;
			buildActionMask = 2147483647;
			files = (
			);
			runOnlyForDeploymentPostprocessing = 0;
		};
/* End PBXFrameworksBuildPhase section */

/* Begin PBXGroup section */
		7F9295591FAD48C6005CC41D = {
			isa = PBXGroup;
			children = (
				7F92959E1FAD48F8005CC41D /* Resources */,
				7F9295641FAD48C6005CC41D /* CalPlus */,
				7F9295781FAD48C6005CC41D /* CalPlus WatchKit App */,
				7F9295871FAD48C6005CC41D /* CalPlus WatchKit Extension */,
				7F9295631FAD48C6005CC41D /* Products */,
			);
			sourceTree = "<group>";
		};
		7F9295631FAD48C6005CC41D /* Products */ = {
			isa = PBXGroup;
			children = (
				7F9295621FAD48C6005CC41D /* CalPlus.app */,
				7F9295741FAD48C6005CC41D /* CalPlus WatchKit App.app */,
				7F9295831FAD48C6005CC41D /* CalPlus WatchKit Extension.appex */,
			);
			name = Products;
			sourceTree = "<group>";
		};
		7F9295641FAD48C6005CC41D /* CalPlus */ = {
			isa = PBXGroup;
			children = (
				7F9295651FAD48C6005CC41D /* AppDelegate.swift */,
				7F9295671FAD48C6005CC41D /* ViewController.swift */,
				7F9295691FAD48C6005CC41D /* Main.storyboard */,
				7F92956C1FAD48C6005CC41D /* Assets.xcassets */,
				7F92956E1FAD48C6005CC41D /* LaunchScreen.storyboard */,
				7F9295711FAD48C6005CC41D /* Info.plist */,
			);
			path = CalPlus;
			sourceTree = "<group>";
		};
		7F9295781FAD48C6005CC41D /* CalPlus WatchKit App */ = {
			isa = PBXGroup;
			children = (
				7F9295791FAD48C6005CC41D /* Interface.storyboard */,
				7F92957C1FAD48C6005CC41D /* Assets.xcassets */,
				7F92957E1FAD48C6005CC41D /* Info.plist */,
			);
			path = "CalPlus WatchKit App";
			sourceTree = "<group>";
		};
		7F9295871FAD48C6005CC41D /* CalPlus WatchKit Extension */ = {
			isa = PBXGroup;
			children = (
				7F9295881FAD48C6005CC41D /* InterfaceController.swift */,
				7F92958A1FAD48C6005CC41D /* ExtensionDelegate.swift */,
				7F92958C1FAD48C6005CC41D /* ComplicationController.swift */,
				7F92958E1FAD48C6005CC41D /* Assets.xcassets */,
				7F9295901FAD48C6005CC41D /* Info.plist */,
			);
			path = "CalPlus WatchKit Extension";
			sourceTree = "<group>";
		};
		7F92959E1FAD48F8005CC41D /* Resources */ = {
			isa = PBXGroup;
			children = (
				7F9295A11FAD4959005CC41D /* Icons */,
				7F9295A01FAD4948005CC41D /* Fonts */,
			);
			path = Resources;
			sourceTree = "<group>";
		};
		7F9295A01FAD4948005CC41D /* Fonts */ = {
			isa = PBXGroup;
			children = (
				7F9295A21FAD4979005CC41D /* joystix monospace.ttf */,
			);
			path = Fonts;
			sourceTree = "<group>";
		};
		7F9295A11FAD4959005CC41D /* Icons */ = {
			isa = PBXGroup;
			children = (
				7F9295A71FAD4988005CC41D /* calendar-36.png */,
				7F9295A61FAD4988005CC41D /* calendar-44.png */,
				7F9295A81FAD4988005CC41D /* calendar-58.png */,
			);
			path = Icons;
			sourceTree = "<group>";
		};
/* End PBXGroup section */

/* Begin PBXNativeTarget section */
		7F9295611FAD48C6005CC41D /* CalPlus */ = {
			isa = PBXNativeTarget;
			buildConfigurationList = 7F92959B1FAD48C6005CC41D /* Build configuration list for PBXNativeTarget "CalPlus" */;
			buildPhases = (
				7F92955E1FAD48C6005CC41D /* Sources */,
				7F92955F1FAD48C6005CC41D /* Frameworks */,
				7F9295601FAD48C6005CC41D /* Resources */,
				7F92959A1FAD48C6005CC41D /* Embed Watch Content */,
			);
			buildRules = (
			);
			dependencies = (
				7F9295771FAD48C6005CC41D /* PBXTargetDependency */,
			);
			name = CalPlus;
			productName = CalPlus;
			productReference = 7F9295621FAD48C6005CC41D /* CalPlus.app */;
			productType = "com.apple.product-type.application";
		};
		7F9295731FAD48C6005CC41D /* CalPlus WatchKit App */ = {
			isa = PBXNativeTarget;
			buildConfigurationList = 7F9295971FAD48C6005CC41D /* Build configuration list for PBXNativeTarget "CalPlus WatchKit App" */;
			buildPhases = (
				7F9295721FAD48C6005CC41D /* Resources */,
				7F9295961FAD48C6005CC41D /* Embed App Extensions */,
			);
			buildRules = (
			);
			dependencies = (
				7F9295861FAD48C6005CC41D /* PBXTargetDependency */,
			);
			name = "CalPlus WatchKit App";
			productName = "CalPlus WatchKit App";
			productReference = 7F9295741FAD48C6005CC41D /* CalPlus WatchKit App.app */;
			productType = "com.apple.product-type.application.watchapp2";
		};
		7F9295821FAD48C6005CC41D /* CalPlus WatchKit Extension */ = {
			isa = PBXNativeTarget;
			buildConfigurationList = 7F9295931FAD48C6005CC41D /* Build configuration list for PBXNativeTarget "CalPlus WatchKit Extension" */;
			buildPhases = (
				7F92957F1FAD48C6005CC41D /* Sources */,
				7F9295801FAD48C6005CC41D /* Frameworks */,
				7F9295811FAD48C6005CC41D /* Resources */,
			);
			buildRules = (
			);
			dependencies = (
			);
			name = "CalPlus WatchKit Extension";
			productName = "CalPlus WatchKit Extension";
			productReference = 7F9295831FAD48C6005CC41D /* CalPlus WatchKit Extension.appex */;
			productType = "com.apple.product-type.watchkit2-extension";
		};
/* End PBXNativeTarget section */

/* Begin PBXProject section */
		7F92955A1FAD48C6005CC41D /* Project object */ = {
			isa = PBXProject;
			attributes = {
				LastSwiftUpdateCheck = 0910;
				LastUpgradeCheck = 0910;
				ORGANIZATIONNAME = "Jared Poetter";
				TargetAttributes = {
					7F9295611FAD48C6005CC41D = {
						CreatedOnToolsVersion = 9.1;
						ProvisioningStyle = Automatic;
					};
					7F9295731FAD48C6005CC41D = {
						CreatedOnToolsVersion = 9.1;
						ProvisioningStyle = Automatic;
					};
					7F9295821FAD48C6005CC41D = {
						CreatedOnToolsVersion = 9.1;
						ProvisioningStyle = Automatic;
					};
				};
			};
			buildConfigurationList = 7F92955D1FAD48C6005CC41D /* Build configuration list for PBXProject "CalPlus" */;
			compatibilityVersion = "Xcode 8.0";
			developmentRegion = en;
			hasScannedForEncodings = 0;
			knownRegions = (
				en,
				Base,
			);
			mainGroup = 7F9295591FAD48C6005CC41D;
			productRefGroup = 7F9295631FAD48C6005CC41D /* Products */;
			projectDirPath = "";
			projectRoot = "";
			targets = (
				7F9295611FAD48C6005CC41D /* CalPlus */,
				7F9295731FAD48C6005CC41D /* CalPlus WatchKit App */,
				7F9295821FAD48C6005CC41D /* CalPlus WatchKit Extension */,
			);
		};
/* End PBXProject section */

/* Begin PBXResourcesBuildPhase section */
		7F9295601FAD48C6005CC41D /* Resources */ = {
			isa = PBXResourcesBuildPhase;
			buildActionMask = 2147483647;
			files = (
				7F9295A31FAD4979005CC41D /* joystix monospace.ttf in Resources */,
				7F9295701FAD48C6005CC41D /* LaunchScreen.storyboard in Resources */,
				7F9295AC1FAD4988005CC41D /* calendar-36.png in Resources */,
				7F92956D1FAD48C6005CC41D /* Assets.xcassets in Resources */,
				7F92956B1FAD48C6005CC41D /* Main.storyboard in Resources */,
				7F9295A91FAD4988005CC41D /* calendar-44.png in Resources */,
				7F9295AF1FAD4988005CC41D /* calendar-58.png in Resources */,
			);
			runOnlyForDeploymentPostprocessing = 0;
		};
		7F9295721FAD48C6005CC41D /* Resources */ = {
			isa = PBXResourcesBuildPhase;
			buildActionMask = 2147483647;
			files = (
				7F92957D1FAD48C6005CC41D /* Assets.xcassets in Resources */,
				7F9295AA1FAD4988005CC41D /* calendar-44.png in Resources */,
				7F9295B01FAD4988005CC41D /* calendar-58.png in Resources */,
				7F92957B1FAD48C6005CC41D /* Interface.storyboard in Resources */,
				7F9295A41FAD4979005CC41D /* joystix monospace.ttf in Resources */,
				7F9295AD1FAD4988005CC41D /* calendar-36.png in Resources */,
			);
			runOnlyForDeploymentPostprocessing = 0;
		};
		7F9295811FAD48C6005CC41D /* Resources */ = {
			isa = PBXResourcesBuildPhase;
			buildActionMask = 2147483647;
			files = (
				7F9295A51FAD4979005CC41D /* joystix monospace.ttf in Resources */,
				7F92958F1FAD48C6005CC41D /* Assets.xcassets in Resources */,
				7F9295AE1FAD4988005CC41D /* calendar-36.png in Resources */,
				7F9295B11FAD4988005CC41D /* calendar-58.png in Resources */,
				7F9295AB1FAD4988005CC41D /* calendar-44.png in Resources */,
			);
			runOnlyForDeploymentPostprocessing = 0;
		};
/* End PBXResourcesBuildPhase section */

/* Begin PBXSourcesBuildPhase section */
		7F92955E1FAD48C6005CC41D /* Sources */ = {
			isa = PBXSourcesBuildPhase;
			buildActionMask = 2147483647;
			files = (
				7F9295681FAD48C6005CC41D /* ViewController.swift in Sources */,
				7F9295661FAD48C6005CC41D /* AppDelegate.swift in Sources */,
			);
			runOnlyForDeploymentPostprocessing = 0;
		};
		7F92957F1FAD48C6005CC41D /* Sources */ = {
			isa = PBXSourcesBuildPhase;
			buildActionMask = 2147483647;
			files = (
				7F92958B1FAD48C6005CC41D /* ExtensionDelegate.swift in Sources */,
				7F9295891FAD48C6005CC41D /* InterfaceController.swift in Sources */,
				7F92958D1FAD48C6005CC41D /* ComplicationController.swift in Sources */,
			);
			runOnlyForDeploymentPostprocessing = 0;
		};
/* End PBXSourcesBuildPhase section */

/* Begin PBXTargetDependency section */
		7F9295771FAD48C6005CC41D /* PBXTargetDependency */ = {
			isa = PBXTargetDependency;
			target = 7F9295731FAD48C6005CC41D /* CalPlus WatchKit App */;
			targetProxy = 7F9295761FAD48C6005CC41D /* PBXContainerItemProxy */;
		};
		7F9295861FAD48C6005CC41D /* PBXTargetDependency */ = {
			isa = PBXTargetDependency;
			target = 7F9295821FAD48C6005CC41D /* CalPlus WatchKit Extension */;
			targetProxy = 7F9295851FAD48C6005CC41D /* PBXContainerItemProxy */;
		};
/* End PBXTargetDependency section */

/* Begin PBXVariantGroup section */
		7F9295691FAD48C6005CC41D /* Main.storyboard */ = {
			isa = PBXVariantGroup;
			children = (
				7F92956A1FAD48C6005CC41D /* Base */,
			);
			name = Main.storyboard;
			sourceTree = "<group>";
		};
		7F92956E1FAD48C6005CC41D /* LaunchScreen.storyboard */ = {
			isa = PBXVariantGroup;
			children = (
				7F92956F1FAD48C6005CC41D /* Base */,
			);
			name = LaunchScreen.storyboard;
			sourceTree = "<group>";
		};
		7F9295791FAD48C6005CC41D /* Interface.storyboard */ = {
			isa = PBXVariantGroup;
			children = (
				7F92957A1FAD48C6005CC41D /* Base */,
			);
			name = Interface.storyboard;
			sourceTree = "<group>";
		};
/* End PBXVariantGroup section */

/* Begin XCBuildConfiguration section */
		7F9295911FAD48C6005CC41D /* Debug */ = {
			isa = XCBuildConfiguration;
			buildSettings = {
				ALWAYS_SEARCH_USER_PATHS = NO;
				CLANG_ANALYZER_NONNULL = YES;
				CLANG_ANALYZER_NUMBER_OBJECT_CONVERSION = YES_AGGRESSIVE;
				CLANG_CXX_LANGUAGE_STANDARD = "gnu++14";
				CLANG_CXX_LIBRARY = "libc++";
				CLANG_ENABLE_MODULES = YES;
				CLANG_ENABLE_OBJC_ARC = YES;
				CLANG_WARN_BLOCK_CAPTURE_AUTORELEASING = YES;
				CLANG_WARN_BOOL_CONVERSION = YES;
				CLANG_WARN_COMMA = YES;
				CLANG_WARN_CONSTANT_CONVERSION = YES;
				CLANG_WARN_DIRECT_OBJC_ISA_USAGE = YES_ERROR;
				CLANG_WARN_DOCUMENTATION_COMMENTS = YES;
				CLANG_WARN_EMPTY_BODY = YES;
				CLANG_WARN_ENUM_CONVERSION = YES;
				CLANG_WARN_INFINITE_RECURSION = YES;
				CLANG_WARN_INT_CONVERSION = YES;
				CLANG_WARN_NON_LITERAL_NULL_CONVERSION = YES;
				CLANG_WARN_OBJC_LITERAL_CONVERSION = YES;
				CLANG_WARN_OBJC_ROOT_CLASS = YES_ERROR;
				CLANG_WARN_RANGE_LOOP_ANALYSIS = YES;
				CLANG_WARN_STRICT_PROTOTYPES = YES;
				CLANG_WARN_SUSPICIOUS_MOVE = YES;
				CLANG_WARN_UNGUARDED_AVAILABILITY = YES_AGGRESSIVE;
				CLANG_WARN_UNREACHABLE_CODE = YES;
				CLANG_WARN__DUPLICATE_METHOD_MATCH = YES;
				CODE_SIGN_IDENTITY = "iPhone Developer";
				COPY_PHASE_STRIP = NO;
				DEBUG_INFORMATION_FORMAT = dwarf;
				ENABLE_STRICT_OBJC_MSGSEND = YES;
				ENABLE_TESTABILITY = YES;
				GCC_C_LANGUAGE_STANDARD = gnu11;
				GCC_DYNAMIC_NO_PIC = NO;
				GCC_NO_COMMON_BLOCKS = YES;
				GCC_OPTIMIZATION_LEVEL = 0;
				GCC_PREPROCESSOR_DEFINITIONS = (
					"DEBUG=1",
					"$(inherited)",
				);
				GCC_WARN_64_TO_32_BIT_CONVERSION = YES;
				GCC_WARN_ABOUT_RETURN_TYPE = YES_ERROR;
				GCC_WARN_UNDECLARED_SELECTOR = YES;
				GCC_WARN_UNINITIALIZED_AUTOS = YES_AGGRESSIVE;
				GCC_WARN_UNUSED_FUNCTION = YES;
				GCC_WARN_UNUSED_VARIABLE = YES;
				IPHONEOS_DEPLOYMENT_TARGET = 11.1;
				MTL_ENABLE_DEBUG_INFO = YES;
				ONLY_ACTIVE_ARCH = YES;
				SDKROOT = iphoneos;
				SWIFT_ACTIVE_COMPILATION_CONDITIONS = DEBUG;
				SWIFT_OPTIMIZATION_LEVEL = "-Onone";
			};
			name = Debug;
		};
		7F9295921FAD48C6005CC41D /* Release */ = {
			isa = XCBuildConfiguration;
			buildSettings = {
				ALWAYS_SEARCH_USER_PATHS = NO;
				CLANG_ANALYZER_NONNULL = YES;
				CLANG_ANALYZER_NUMBER_OBJECT_CONVERSION = YES_AGGRESSIVE;
				CLANG_CXX_LANGUAGE_STANDARD = "gnu++14";
				CLANG_CXX_LIBRARY = "libc++";
				CLANG_ENABLE_MODULES = YES;
				CLANG_ENABLE_OBJC_ARC = YES;
				CLANG_WARN_BLOCK_CAPTURE_AUTORELEASING = YES;
				CLANG_WARN_BOOL_CONVERSION = YES;
				CLANG_WARN_COMMA = YES;
				CLANG_WARN_CONSTANT_CONVERSION = YES;
				CLANG_WARN_DIRECT_OBJC_ISA_USAGE = YES_ERROR;
				CLANG_WARN_DOCUMENTATION_COMMENTS = YES;
				CLANG_WARN_EMPTY_BODY = YES;
				CLANG_WARN_ENUM_CONVERSION = YES;
				CLANG_WARN_INFINITE_RECURSION = YES;
				CLANG_WARN_INT_CONVERSION = YES;
				CLANG_WARN_NON_LITERAL_NULL_CONVERSION = YES;
				CLANG_WARN_OBJC_LITERAL_CONVERSION = YES;
				CLANG_WARN_OBJC_ROOT_CLASS = YES_ERROR;
				CLANG_WARN_RANGE_LOOP_ANALYSIS = YES;
				CLANG_WARN_STRICT_PROTOTYPES = YES;
				CLANG_WARN_SUSPICIOUS_MOVE = YES;
				CLANG_WARN_UNGUARDED_AVAILABILITY = YES_AGGRESSIVE;
				CLANG_WARN_UNREACHABLE_CODE = YES;
				CLANG_WARN__DUPLICATE_METHOD_MATCH = YES;
				CODE_SIGN_IDENTITY = "iPhone Developer";
				COPY_PHASE_STRIP = NO;
				DEBUG_INFORMATION_FORMAT = "dwarf-with-dsym";
				ENABLE_NS_ASSERTIONS = NO;
				ENABLE_STRICT_OBJC_MSGSEND = YES;
				GCC_C_LANGUAGE_STANDARD = gnu11;
				GCC_NO_COMMON_BLOCKS = YES;
				GCC_WARN_64_TO_32_BIT_CONVERSION = YES;
				GCC_WARN_ABOUT_RETURN_TYPE = YES_ERROR;
				GCC_WARN_UNDECLARED_SELECTOR = YES;
				GCC_WARN_UNINITIALIZED_AUTOS = YES_AGGRESSIVE;
				GCC_WARN_UNUSED_FUNCTION = YES;
				GCC_WARN_UNUSED_VARIABLE = YES;
				IPHONEOS_DEPLOYMENT_TARGET = 11.1;
				MTL_ENABLE_DEBUG_INFO = NO;
				SDKROOT = iphoneos;
				SWIFT_OPTIMIZATION_LEVEL = "-Owholemodule";
				VALIDATE_PRODUCT = YES;
			};
			name = Release;
		};
		7F9295941FAD48C6005CC41D /* Debug */ = {
			isa = XCBuildConfiguration;
			buildSettings = {
				ASSETCATALOG_COMPILER_COMPLICATION_NAME = Complication;
				CODE_SIGN_STYLE = Automatic;
				DEVELOPMENT_TEAM = P9K7AZC8UC;
				INFOPLIST_FILE = "CalPlus WatchKit Extension/Info.plist";
				LD_RUNPATH_SEARCH_PATHS = "$(inherited) @executable_path/Frameworks @executable_path/../../Frameworks";
				PRODUCT_BUNDLE_IDENTIFIER = com.poettertechnologies.CalPlus.watchkitapp.watchkitextension;
				PRODUCT_NAME = "${TARGET_NAME}";
				SDKROOT = watchos;
				SKIP_INSTALL = YES;
				SWIFT_VERSION = 4.0;
				TARGETED_DEVICE_FAMILY = 4;
				WATCHOS_DEPLOYMENT_TARGET = 4.1;
			};
			name = Debug;
		};
		7F9295951FAD48C6005CC41D /* Release */ = {
			isa = XCBuildConfiguration;
			buildSettings = {
				ASSETCATALOG_COMPILER_COMPLICATION_NAME = Complication;
				CODE_SIGN_STYLE = Automatic;
				DEVELOPMENT_TEAM = P9K7AZC8UC;
				INFOPLIST_FILE = "CalPlus WatchKit Extension/Info.plist";
				LD_RUNPATH_SEARCH_PATHS = "$(inherited) @executable_path/Frameworks @executable_path/../../Frameworks";
				PRODUCT_BUNDLE_IDENTIFIER = com.poettertechnologies.CalPlus.watchkitapp.watchkitextension;
				PRODUCT_NAME = "${TARGET_NAME}";
				SDKROOT = watchos;
				SKIP_INSTALL = YES;
				SWIFT_VERSION = 4.0;
				TARGETED_DEVICE_FAMILY = 4;
				WATCHOS_DEPLOYMENT_TARGET = 4.1;
			};
			name = Release;
		};
		7F9295981FAD48C6005CC41D /* Debug */ = {
			isa = XCBuildConfiguration;
			buildSettings = {
				ALWAYS_EMBED_SWIFT_STANDARD_LIBRARIES = YES;
				ASSETCATALOG_COMPILER_APPICON_NAME = AppIcon;
				CODE_SIGN_STYLE = Automatic;
				DEVELOPMENT_TEAM = P9K7AZC8UC;
				IBSC_MODULE = CalPlus_WatchKit_Extension;
				INFOPLIST_FILE = "CalPlus WatchKit App/Info.plist";
				PRODUCT_BUNDLE_IDENTIFIER = com.poettertechnologies.CalPlus.watchkitapp;
				PRODUCT_NAME = "$(TARGET_NAME)";
				SDKROOT = watchos;
				SKIP_INSTALL = YES;
				SWIFT_VERSION = 4.0;
				TARGETED_DEVICE_FAMILY = 4;
				WATCHOS_DEPLOYMENT_TARGET = 4.1;
			};
			name = Debug;
		};
		7F9295991FAD48C6005CC41D /* Release */ = {
			isa = XCBuildConfiguration;
			buildSettings = {
				ALWAYS_EMBED_SWIFT_STANDARD_LIBRARIES = YES;
				ASSETCATALOG_COMPILER_APPICON_NAME = AppIcon;
				CODE_SIGN_STYLE = Automatic;
				DEVELOPMENT_TEAM = P9K7AZC8UC;
				IBSC_MODULE = CalPlus_WatchKit_Extension;
				INFOPLIST_FILE = "CalPlus WatchKit App/Info.plist";
				PRODUCT_BUNDLE_IDENTIFIER = com.poettertechnologies.CalPlus.watchkitapp;
				PRODUCT_NAME = "$(TARGET_NAME)";
				SDKROOT = watchos;
				SKIP_INSTALL = YES;
				SWIFT_VERSION = 4.0;
				TARGETED_DEVICE_FAMILY = 4;
				WATCHOS_DEPLOYMENT_TARGET = 4.1;
			};
			name = Release;
		};
		7F92959C1FAD48C6005CC41D /* Debug */ = {
			isa = XCBuildConfiguration;
			buildSettings = {
				ASSETCATALOG_COMPILER_APPICON_NAME = AppIcon;
				CODE_SIGN_STYLE = Automatic;
				DEVELOPMENT_TEAM = P9K7AZC8UC;
				INFOPLIST_FILE = CalPlus/Info.plist;
				LD_RUNPATH_SEARCH_PATHS = "$(inherited) @executable_path/Frameworks";
				PRODUCT_BUNDLE_IDENTIFIER = com.poettertechnologies.CalPlus;
				PRODUCT_NAME = "$(TARGET_NAME)";
				SWIFT_VERSION = 4.0;
				TARGETED_DEVICE_FAMILY = "1,2";
			};
			name = Debug;
		};
		7F92959D1FAD48C6005CC41D /* Release */ = {
			isa = XCBuildConfiguration;
			buildSettings = {
				ASSETCATALOG_COMPILER_APPICON_NAME = AppIcon;
				CODE_SIGN_STYLE = Automatic;
				DEVELOPMENT_TEAM = P9K7AZC8UC;
				INFOPLIST_FILE = CalPlus/Info.plist;
				LD_RUNPATH_SEARCH_PATHS = "$(inherited) @executable_path/Frameworks";
				PRODUCT_BUNDLE_IDENTIFIER = com.poettertechnologies.CalPlus;
				PRODUCT_NAME = "$(TARGET_NAME)";
				SWIFT_VERSION = 4.0;
				TARGETED_DEVICE_FAMILY = "1,2";
			};
			name = Release;
		};
/* End XCBuildConfiguration section */

/* Begin XCConfigurationList section */
		7F92955D1FAD48C6005CC41D /* Build configuration list for PBXProject "CalPlus" */ = {
			isa = XCConfigurationList;
			buildConfigurations = (
				7F9295911FAD48C6005CC41D /* Debug */,
				7F9295921FAD48C6005CC41D /* Release */,
			);
			defaultConfigurationIsVisible = 0;
			defaultConfigurationName = Release;
		};
		7F9295931FAD48C6005CC41D /* Build configuration list for PBXNativeTarget "CalPlus WatchKit Extension" */ = {
			isa = XCConfigurationList;
			buildConfigurations = (
				7F9295941FAD48C6005CC41D /* Debug */,
				7F9295951FAD48C6005CC41D /* Release */,
			);
			defaultConfigurationIsVisible = 0;
			defaultConfigurationName = Release;
		};
		7F9295971FAD48C6005CC41D /* Build configuration list for PBXNativeTarget "CalPlus WatchKit App" */ = {
			isa = XCConfigurationList;
			buildConfigurations = (
				7F9295981FAD48C6005CC41D /* Debug */,
				7F9295991FAD48C6005CC41D /* Release */,
			);
			defaultConfigurationIsVisible = 0;
			defaultConfigurationName = Release;
		};
		7F92959B1FAD48C6005CC41D /* Build configuration list for PBXNativeTarget "CalPlus" */ = {
			isa = XCConfigurationList;
			buildConfigurations = (
				7F92959C1FAD48C6005CC41D /* Debug */,
				7F92959D1FAD48C6005CC41D /* Release */,
			);
			defaultConfigurationIsVisible = 0;
			defaultConfigurationName = Release;
		};
/* End XCConfigurationList section */
	};
	rootObject = 7F92955A1FAD48C6005CC41D /* Project object */;
}
